
Microsoft Visual Studio Solution File, Format Version 12.00
# Visual Studio Version 16
VisualStudioVersion = 16.0.30804.86
MinimumVisualStudioVersion = 10.0.40219.1
Project("{9A19103F-16F7-4668-BE54-9A1E7A4F7556}") = "P01KampIntro", "P01KampIntro\P01KampIntro.csproj", "{38EA0994-4176-431A-864B-E31F26313294}"
EndProject
Project("{9A19103F-16F7-4668-BE54-9A1E7A4F7556}") = "P02Loops", "P02Loops\P02Loops.csproj", "{A6AFEE93-6EF6-478A-8A2E-77FAF1C0D9EE}"
EndProject
Project("{9A19103F-16F7-4668-BE54-9A1E7A4F7556}") = "P03ClassIntro", "P03ClassIntro\P03ClassIntro.csproj", "{2C8B16C4-8C0F-4FDC-9879-6E4B2561B5FD}"
EndProject
Project("{9A19103F-16F7-4668-BE54-9A1E7A4F7556}") = "P04Methods", "P04Methods\P04Methods.csproj", "{81AD752F-09C6-483E-9D88-5BAB2E0A6604}"
EndProject
Project("{FAE04EC0-301F-11D3-BF4B-00C04F79EFBC}") = "P05ValueAndReferenceTypes", "P05ValueAndReferenceTypes\P05ValueAndReferenceTypes.csproj", "{981CBC5D-CE1A-4041-9A48-1B357D83CAC5}"
EndProject
Global
	GlobalSection(SolutionConfigurationPlatforms) = preSolution
		Debug|Any CPU = Debug|Any CPU
		Release|Any CPU = Release|Any CPU
	EndGlobalSection
	GlobalSection(ProjectConfigurationPlatforms) = postSolution
		{38EA0994-4176-431A-864B-E31F26313294}.Debug|Any CPU.ActiveCfg = Debug|Any CPU
		{38EA0994-4176-431A-864B-E31F26313294}.Debug|Any CPU.Build.0 = Debug|Any CPU
		{38EA0994-4176-431A-864B-E31F26313294}.Release|Any CPU.ActiveCfg = Release|Any CPU
		{38EA0994-4176-431A-864B-E31F26313294}.Release|Any CPU.Build.0 = Release|Any CPU
		{A6AFEE93-6EF6-478A-8A2E-77FAF1C0D9EE}.Debug|Any CPU.ActiveCfg = Debug|Any CPU
		{A6AFEE93-6EF6-478A-8A2E-77FAF1C0D9EE}.Debug|Any CPU.Build.0 = Debug|Any CPU
		{A6AFEE93-6EF6-478A-8A2E-77FAF1C0D9EE}.Release|Any CPU.ActiveCfg = Release|Any CPU
		{A6AFEE93-6EF6-478A-8A2E-77FAF1C0D9EE}.Release|Any CPU.Build.0 = Release|Any CPU
		{2C8B16C4-8C0F-4FDC-9879-6E4B2561B5FD}.Debug|Any CPU.ActiveCfg = Debug|Any CPU
		{2C8B16C4-8C0F-4FDC-9879-6E4B2561B5FD}.Debug|Any CPU.Build.0 = Debug|Any CPU
		{2C8B16C4-8C0F-4FDC-9879-6E4B2561B5FD}.Release|Any CPU.ActiveCfg = Release|Any CPU
		{2C8B16C4-8C0F-4FDC-9879-6E4B2561B5FD}.Release|Any CPU.Build.0 = Release|Any CPU
		{81AD752F-09C6-483E-9D88-5BAB2E0A6604}.Debug|Any CPU.ActiveCfg = Debug|Any CPU
		{81AD752F-09C6-483E-9D88-5BAB2E0A6604}.Debug|Any CPU.Build.0 = Debug|Any CPU
		{81AD752F-09C6-483E-9D88-5BAB2E0A6604}.Release|Any CPU.ActiveCfg = Release|Any CPU
		{81AD752F-09C6-483E-9D88-5BAB2E0A6604}.Release|Any CPU.Build.0 = Release|Any CPU
		{981CBC5D-CE1A-4041-9A48-1B357D83CAC5}.Debug|Any CPU.ActiveCfg = Debug|Any CPU
		{981CBC5D-CE1A-4041-9A48-1B357D83CAC5}.Debug|Any CPU.Build.0 = Debug|Any CPU
		{981CBC5D-CE1A-4041-9A48-1B357D83CAC5}.Release|Any CPU.ActiveCfg = Release|Any CPU
		{981CBC5D-CE1A-4041-9A48-1B357D83CAC5}.Release|Any CPU.Build.0 = Release|Any CPU
	EndGlobalSection
	GlobalSection(SolutionProperties) = preSolution
		HideSolutionNode = FALSE
	EndGlobalSection
	GlobalSection(ExtensibilityGlobals) = postSolution
		SolutionGuid = {DFE24222-BFA9-4DC8-B4BA-844C79EA00EC}
	EndGlobalSection
EndGlobal
